
Microsoft Visual Studio Solution File, Format Version 12.00
# Visual Studio Version 17
VisualStudioVersion = 17.14.37111.16 d17.14
MinimumVisualStudioVersion = 10.0.40219.1
Project("{FAE04EC0-301F-11D3-BF4B-00C04F79EFBC}") = "MiniEMR", "MiniEMR.csproj", "{2D9F0344-7F18-40BF-8628-88B32259B1B4}"
EndProject
Global
	GlobalSection(SolutionConfigurationPlatforms) = preSolution
		Debug|Any CPU = Debug|Any CPU
		Release|Any CPU = Release|Any CPU
	EndGlobalSection
	GlobalSection(ProjectConfigurationPlatforms) = postSolution
		{2D9F0344-7F18-40BF-8628-88B32259B1B4}.Debug|Any CPU.ActiveCfg = Debug|Any CPU
		{2D9F0344-7F18-40BF-8628-88B32259B1B4}.Debug|Any CPU.Build.0 = Debug|Any CPU
		{2D9F0344-7F18-40BF-8628-88B32259B1B4}.Release|Any CPU.ActiveCfg = Release|Any CPU
		{2D9F0344-7F18-40BF-8628-88B32259B1B4}.Release|Any CPU.Build.0 = Release|Any CPU
	EndGlobalSection
	GlobalSection(SolutionProperties) = preSolution
		HideSolutionNode = FALSE
	EndGlobalSection
	GlobalSection(ExtensibilityGlobals) = postSolution
		SolutionGuid = {60AAAEC7-F607-4480-B4FE-42D20FB4F18F}
	EndGlobalSection
EndGlobal
